
Microsoft Visual Studio Solution File, Format Version 12.00
# Visual Studio Version 16
VisualStudioVersion = 16.0.31702.278
MinimumVisualStudioVersion = 10.0.40219.1
Project("{FAE04EC0-301F-11D3-BF4B-00C04F79EFBC}") = "Tortugas3ISP11_17_ZeynetdinovArtyom", "Tortugas3ISP11_17_ZeynetdinovArtyom\Tortugas3ISP11_17_ZeynetdinovArtyom.csproj", "{6B792DAA-6B59-40E8-B492-9855879BB22D}"
EndProject
Global
	GlobalSection(SolutionConfigurationPlatforms) = preSolution
		Debug|Any CPU = Debug|Any CPU
		Release|Any CPU = Release|Any CPU
	EndGlobalSection
	GlobalSection(ProjectConfigurationPlatforms) = postSolution
		{6B792DAA-6B59-40E8-B492-9855879BB22D}.Debug|Any CPU.ActiveCfg = Debug|Any CPU
		{6B792DAA-6B59-40E8-B492-9855879BB22D}.Debug|Any CPU.Build.0 = Debug|Any CPU
		{6B792DAA-6B59-40E8-B492-9855879BB22D}.Release|Any CPU.ActiveCfg = Release|Any CPU
		{6B792DAA-6B59-40E8-B492-9855879BB22D}.Release|Any CPU.Build.0 = Release|Any CPU
	EndGlobalSection
	GlobalSection(SolutionProperties) = preSolution
		HideSolutionNode = FALSE
	EndGlobalSection
	GlobalSection(ExtensibilityGlobals) = postSolution
		SolutionGuid = {72724BA6-2806-4D1C-80A7-8EF78DA98B79}
	EndGlobalSection
EndGlobal
